
Microsoft Visual Studio Solution File, Format Version 12.00
# Visual Studio 15
VisualStudioVersion = 15.0.28010.2016
MinimumVisualStudioVersion = 10.0.40219.1
Project("{9A19103F-16F7-4668-BE54-9A1E7A4F7556}") = "Command", "Command\Command.csproj", "{3212E3AF-AC65-4B28-BF36-FB29CE8E899C}"
EndProject
Project("{9A19103F-16F7-4668-BE54-9A1E7A4F7556}") = "Api.Template", "Api.Template\Api.Template.csproj", "{7E57F0BD-E36D-468F-8CB1-F73842215581}"
EndProject
Project("{9A19103F-16F7-4668-BE54-9A1E7A4F7556}") = "Example", "Example\Example.csproj", "{0F2081CF-AC4B-4C4B-9F69-D4FA213F24D5}"
EndProject
Project("{FAE04EC0-301F-11D3-BF4B-00C04F79EFBC}") = "Web.CodeLearning", "Web.CodeLearning\Web.CodeLearning.csproj", "{AA286D2F-16F4-4F7E-9642-AEA49D6BECE9}"
EndProject
Global
	GlobalSection(SolutionConfigurationPlatforms) = preSolution
		Debug|Any CPU = Debug|Any CPU
		Release|Any CPU = Release|Any CPU
	EndGlobalSection
	GlobalSection(ProjectConfigurationPlatforms) = postSolution
		{3212E3AF-AC65-4B28-BF36-FB29CE8E899C}.Debug|Any CPU.ActiveCfg = Debug|Any CPU
		{3212E3AF-AC65-4B28-BF36-FB29CE8E899C}.Debug|Any CPU.Build.0 = Debug|Any CPU
		{3212E3AF-AC65-4B28-BF36-FB29CE8E899C}.Release|Any CPU.ActiveCfg = Release|Any CPU
		{3212E3AF-AC65-4B28-BF36-FB29CE8E899C}.Release|Any CPU.Build.0 = Release|Any CPU
		{7E57F0BD-E36D-468F-8CB1-F73842215581}.Debug|Any CPU.ActiveCfg = Debug|Any CPU
		{7E57F0BD-E36D-468F-8CB1-F73842215581}.Debug|Any CPU.Build.0 = Debug|Any CPU
		{7E57F0BD-E36D-468F-8CB1-F73842215581}.Release|Any CPU.ActiveCfg = Release|Any CPU
		{7E57F0BD-E36D-468F-8CB1-F73842215581}.Release|Any CPU.Build.0 = Release|Any CPU
		{0F2081CF-AC4B-4C4B-9F69-D4FA213F24D5}.Debug|Any CPU.ActiveCfg = Debug|Any CPU
		{0F2081CF-AC4B-4C4B-9F69-D4FA213F24D5}.Debug|Any CPU.Build.0 = Debug|Any CPU
		{0F2081CF-AC4B-4C4B-9F69-D4FA213F24D5}.Release|Any CPU.ActiveCfg = Release|Any CPU
		{0F2081CF-AC4B-4C4B-9F69-D4FA213F24D5}.Release|Any CPU.Build.0 = Release|Any CPU
		{AA286D2F-16F4-4F7E-9642-AEA49D6BECE9}.Debug|Any CPU.ActiveCfg = Debug|Any CPU
		{AA286D2F-16F4-4F7E-9642-AEA49D6BECE9}.Debug|Any CPU.Build.0 = Debug|Any CPU
		{AA286D2F-16F4-4F7E-9642-AEA49D6BECE9}.Release|Any CPU.ActiveCfg = Release|Any CPU
		{AA286D2F-16F4-4F7E-9642-AEA49D6BECE9}.Release|Any CPU.Build.0 = Release|Any CPU
	EndGlobalSection
	GlobalSection(SolutionProperties) = preSolution
		HideSolutionNode = FALSE
	EndGlobalSection
	GlobalSection(ExtensibilityGlobals) = postSolution
		SolutionGuid = {084EFC98-6206-4061-9419-C116E7C1A5CF}
	EndGlobalSection
EndGlobal
