
Microsoft Visual Studio Solution File, Format Version 12.00
# Visual Studio 15
VisualStudioVersion = 15.0.28010.2016
MinimumVisualStudioVersion = 10.0.40219.1
Project("{FAE04EC0-301F-11D3-BF4B-00C04F79EFBC}") = "Ef.CoreL", "Ef.CoreL\Ef.CoreL.csproj", "{97A14AC6-464E-41DD-861A-A809CD8BFDC9}"
EndProject
Global
	GlobalSection(SolutionConfigurationPlatforms) = preSolution
		Debug|Any CPU = Debug|Any CPU
		Release|Any CPU = Release|Any CPU
	EndGlobalSection
	GlobalSection(ProjectConfigurationPlatforms) = postSolution
		{97A14AC6-464E-41DD-861A-A809CD8BFDC9}.Debug|Any CPU.ActiveCfg = Debug|Any CPU
		{97A14AC6-464E-41DD-861A-A809CD8BFDC9}.Debug|Any CPU.Build.0 = Debug|Any CPU
		{97A14AC6-464E-41DD-861A-A809CD8BFDC9}.Release|Any CPU.ActiveCfg = Release|Any CPU
		{97A14AC6-464E-41DD-861A-A809CD8BFDC9}.Release|Any CPU.Build.0 = Release|Any CPU
	EndGlobalSection
	GlobalSection(SolutionProperties) = preSolution
		HideSolutionNode = FALSE
	EndGlobalSection
	GlobalSection(ExtensibilityGlobals) = postSolution
		SolutionGuid = {4E590A7E-14C3-4FFF-BE64-711464634898}
	EndGlobalSection
EndGlobal
